
Microsoft Visual Studio Solution File, Format Version 12.00
# Visual Studio Version 17
VisualStudioVersion = 17.2.32616.157
MinimumVisualStudioVersion = 10.0.40219.1
Project("{FAE04EC0-301F-11D3-BF4B-00C04F79EFBC}") = "PracticeHomeForMe", "PracticeHomeForMe\PracticeHomeForMe.csproj", "{0ABEEA03-581C-47D6-B8D0-03D51D73F3BA}"
EndProject
Global
	GlobalSection(SolutionConfigurationPlatforms) = preSolution
		Debug|Any CPU = Debug|Any CPU
		Release|Any CPU = Release|Any CPU
	EndGlobalSection
	GlobalSection(ProjectConfigurationPlatforms) = postSolution
		{0ABEEA03-581C-47D6-B8D0-03D51D73F3BA}.Debug|Any CPU.ActiveCfg = Debug|Any CPU
		{0ABEEA03-581C-47D6-B8D0-03D51D73F3BA}.Debug|Any CPU.Build.0 = Debug|Any CPU
		{0ABEEA03-581C-47D6-B8D0-03D51D73F3BA}.Release|Any CPU.ActiveCfg = Release|Any CPU
		{0ABEEA03-581C-47D6-B8D0-03D51D73F3BA}.Release|Any CPU.Build.0 = Release|Any CPU
	EndGlobalSection
	GlobalSection(SolutionProperties) = preSolution
		HideSolutionNode = FALSE
	EndGlobalSection
	GlobalSection(ExtensibilityGlobals) = postSolution
		SolutionGuid = {5BA50C43-13BB-453D-9280-71AF5A0F7815}
	EndGlobalSection
EndGlobal
