
Microsoft Visual Studio Solution File, Format Version 12.00
# Visual Studio Version 17
VisualStudioVersion = 17.2.32616.157
MinimumVisualStudioVersion = 10.0.40219.1
Project("{FAE04EC0-301F-11D3-BF4B-00C04F79EFBC}") = "AspNetIntro", "AspNetIntro\AspNetIntro.csproj", "{EF256E49-E48D-4624-9F27-4BEC212D5067}"
EndProject
Global
	GlobalSection(SolutionConfigurationPlatforms) = preSolution
		Debug|Any CPU = Debug|Any CPU
		Release|Any CPU = Release|Any CPU
	EndGlobalSection
	GlobalSection(ProjectConfigurationPlatforms) = postSolution
		{EF256E49-E48D-4624-9F27-4BEC212D5067}.Debug|Any CPU.ActiveCfg = Debug|Any CPU
		{EF256E49-E48D-4624-9F27-4BEC212D5067}.Debug|Any CPU.Build.0 = Debug|Any CPU
		{EF256E49-E48D-4624-9F27-4BEC212D5067}.Release|Any CPU.ActiveCfg = Release|Any CPU
		{EF256E49-E48D-4624-9F27-4BEC212D5067}.Release|Any CPU.Build.0 = Release|Any CPU
	EndGlobalSection
	GlobalSection(SolutionProperties) = preSolution
		HideSolutionNode = FALSE
	EndGlobalSection
	GlobalSection(ExtensibilityGlobals) = postSolution
		SolutionGuid = {FD3D889E-15E8-471E-BECF-B2D0D82A2025}
	EndGlobalSection
EndGlobal
